
Microsoft Visual Studio Solution File, Format Version 12.00
# Visual Studio Version 17
VisualStudioVersion = 17.0.32002.185
MinimumVisualStudioVersion = 10.0.40219.1
Project("{FAE04EC0-301F-11D3-BF4B-00C04F79EFBC}") = "StudentInformation", "StudentInformation\StudentInformation.csproj", "{9BCA4257-EAE5-4746-B62C-07667CB1D631}"
EndProject
Global
	GlobalSection(SolutionConfigurationPlatforms) = preSolution
		Debug|Any CPU = Debug|Any CPU
		Release|Any CPU = Release|Any CPU
	EndGlobalSection
	GlobalSection(ProjectConfigurationPlatforms) = postSolution
		{9BCA4257-EAE5-4746-B62C-07667CB1D631}.Debug|Any CPU.ActiveCfg = Debug|Any CPU
		{9BCA4257-EAE5-4746-B62C-07667CB1D631}.Debug|Any CPU.Build.0 = Debug|Any CPU
		{9BCA4257-EAE5-4746-B62C-07667CB1D631}.Release|Any CPU.ActiveCfg = Release|Any CPU
		{9BCA4257-EAE5-4746-B62C-07667CB1D631}.Release|Any CPU.Build.0 = Release|Any CPU
	EndGlobalSection
	GlobalSection(SolutionProperties) = preSolution
		HideSolutionNode = FALSE
	EndGlobalSection
	GlobalSection(ExtensibilityGlobals) = postSolution
		SolutionGuid = {16D2ED80-B190-4D10-9C10-CD0F371831E4}
	EndGlobalSection
EndGlobal
